
Microsoft Visual Studio Solution File, Format Version 12.00
# Visual Studio Version 17
VisualStudioVersion = 17.5.33530.505
MinimumVisualStudioVersion = 10.0.40219.1
Project("{FAE04EC0-301F-11D3-BF4B-00C04F79EFBC}") = "StudentEmployementPortal", "StudentEmployementPortal\StudentEmployementPortal.csproj", "{0B7E8769-F75E-40AA-AD5E-97F7B042B564}"
EndProject
Global
	GlobalSection(SolutionConfigurationPlatforms) = preSolution
		Debug|Any CPU = Debug|Any CPU
		Release|Any CPU = Release|Any CPU
	EndGlobalSection
	GlobalSection(ProjectConfigurationPlatforms) = postSolution
		{0B7E8769-F75E-40AA-AD5E-97F7B042B564}.Debug|Any CPU.ActiveCfg = Debug|Any CPU
		{0B7E8769-F75E-40AA-AD5E-97F7B042B564}.Debug|Any CPU.Build.0 = Debug|Any CPU
		{0B7E8769-F75E-40AA-AD5E-97F7B042B564}.Release|Any CPU.ActiveCfg = Release|Any CPU
		{0B7E8769-F75E-40AA-AD5E-97F7B042B564}.Release|Any CPU.Build.0 = Release|Any CPU
	EndGlobalSection
	GlobalSection(SolutionProperties) = preSolution
		HideSolutionNode = FALSE
	EndGlobalSection
	GlobalSection(ExtensibilityGlobals) = postSolution
		SolutionGuid = {B4F49FAD-E3AB-451F-9FB1-6194B53A388A}
	EndGlobalSection
EndGlobal
